
Microsoft Visual Studio Solution File, Format Version 12.00
# Visual Studio 15
VisualStudioVersion = 15.0.26124.0
MinimumVisualStudioVersion = 15.0.26124.0
Project("{2150E333-8FDC-42A3-9474-1A3956D46DE8}") = ".paket", ".paket", "{B2622125-C035-4C61-9F54-F4FBF4823902}"
	ProjectSection(SolutionItems) = preProject
		paket.dependencies = paket.dependencies
	EndProjectSection
EndProject
Project("{6EC3EE1D-3C4E-46DD-8F32-0CC8E7565705}") = "main", "src\main\main.fsproj", "{F3A73F7E-CE36-4D77-A617-51F87795E568}"
EndProject
Project("{6EC3EE1D-3C4E-46DD-8F32-0CC8E7565705}") = "maintests", "src\test\maintests\maintests.fsproj", "{780AE746-7945-4375-BD6E-31099EB8095E}"
EndProject
Project("{6EC3EE1D-3C4E-46DD-8F32-0CC8E7565705}") = "core", "src\core\core.fsproj", "{B4E31043-E538-4E2C-8CC2-572DFCAB5F87}"
EndProject
Project("{6EC3EE1D-3C4E-46DD-8F32-0CC8E7565705}") = "infrastructure", "src\infrastructure\infrastructure.fsproj", "{699D7064-F33A-46F0-8DF9-44E72C0BE431}"
EndProject
Global
	GlobalSection(SolutionConfigurationPlatforms) = preSolution
		Debug|Any CPU = Debug|Any CPU
		Release|Any CPU = Release|Any CPU
	EndGlobalSection
	GlobalSection(ProjectConfigurationPlatforms) = postSolution
		{F3A73F7E-CE36-4D77-A617-51F87795E568}.Debug|Any CPU.ActiveCfg = Debug|Any CPU
		{F3A73F7E-CE36-4D77-A617-51F87795E568}.Debug|Any CPU.Build.0 = Debug|Any CPU
		{F3A73F7E-CE36-4D77-A617-51F87795E568}.Release|Any CPU.ActiveCfg = Release|Any CPU
		{F3A73F7E-CE36-4D77-A617-51F87795E568}.Release|Any CPU.Build.0 = Release|Any CPU
		{780AE746-7945-4375-BD6E-31099EB8095E}.Debug|Any CPU.ActiveCfg = Debug|Any CPU
		{780AE746-7945-4375-BD6E-31099EB8095E}.Debug|Any CPU.Build.0 = Debug|Any CPU
		{780AE746-7945-4375-BD6E-31099EB8095E}.Release|Any CPU.ActiveCfg = Release|Any CPU
		{780AE746-7945-4375-BD6E-31099EB8095E}.Release|Any CPU.Build.0 = Release|Any CPU
		{B4E31043-E538-4E2C-8CC2-572DFCAB5F87}.Debug|Any CPU.ActiveCfg = Debug|Any CPU
		{B4E31043-E538-4E2C-8CC2-572DFCAB5F87}.Debug|Any CPU.Build.0 = Debug|Any CPU
		{B4E31043-E538-4E2C-8CC2-572DFCAB5F87}.Release|Any CPU.ActiveCfg = Release|Any CPU
		{B4E31043-E538-4E2C-8CC2-572DFCAB5F87}.Release|Any CPU.Build.0 = Release|Any CPU
		{699D7064-F33A-46F0-8DF9-44E72C0BE431}.Debug|Any CPU.ActiveCfg = Debug|Any CPU
		{699D7064-F33A-46F0-8DF9-44E72C0BE431}.Debug|Any CPU.Build.0 = Debug|Any CPU
		{699D7064-F33A-46F0-8DF9-44E72C0BE431}.Release|Any CPU.ActiveCfg = Release|Any CPU
		{699D7064-F33A-46F0-8DF9-44E72C0BE431}.Release|Any CPU.Build.0 = Release|Any CPU
	EndGlobalSection
	GlobalSection(SolutionProperties) = preSolution
		HideSolutionNode = FALSE
	EndGlobalSection
	GlobalSection(ExtensibilityGlobals) = postSolution
		SolutionGuid = {EC626ADA-C002-40EF-9D41-2BDE1E287D65}
	EndGlobalSection
EndGlobal
